// !$*UTF8*$!
{
	archiveVersion = 1;
	classes = {
	};
	objectVersion = 46;
	objects = {

/* Begin PBXBuildFile section */
		B7868DAA197EF2B4007C997E /* AppDelegate.swift in Sources */ = {isa = PBXBuildFile; fileRef = B7868DA9197EF2B4007C997E /* AppDelegate.swift */; };
		B7868DAC197EF2B4007C997E /* ViewController.swift in Sources */ = {isa = PBXBuildFile; fileRef = B7868DAB197EF2B4007C997E /* ViewController.swift */; };
		B7868DAF197EF2B4007C997E /* Main.storyboard in Resources */ = {isa = PBXBuildFile; fileRef = B7868DAD197EF2B4007C997E /* Main.storyboard */; };
		B7868DB1197EF2B4007C997E /* Images.xcassets in Resources */ = {isa = PBXBuildFile; fileRef = B7868DB0197EF2B4007C997E /* Images.xcassets */; };
		B7868DBD197EF2B4007C997E /* CardGameTests.swift in Sources */ = {isa = PBXBuildFile; fileRef = B7868DBC197EF2B4007C997E /* CardGameTests.swift */; };
/* End PBXBuildFile section */

/* Begin PBXContainerItemProxy section */
		B7868DB7197EF2B4007C997E /* PBXContainerItemProxy */ = {
			isa = PBXContainerItemProxy;
			containerPortal = B7868D9C197EF2B4007C997E /* Project object */;
			proxyType = 1;
			remoteGlobalIDString = B7868DA3197EF2B4007C997E;
			remoteInfo = CardGame;
		};
/* End PBXContainerItemProxy section */

/* Begin PBXFileReference section */
		B7868DA4197EF2B4007C997E /* CardGame.app */ = {isa = PBXFileReference; explicitFileType = wrapper.application; includeInIndex = 0; path = CardGame.app; sourceTree = BUILT_PRODUCTS_DIR; };
		B7868DA8197EF2B4007C997E /* Info.plist */ = {isa = PBXFileReference; lastKnownFileType = text.plist.xml; path = Info.plist; sourceTree = "<group>"; };
		B7868DA9197EF2B4007C997E /* AppDelegate.swift */ = {isa = PBXFileReference; lastKnownFileType = sourcecode.swift; path = AppDelegate.swift; sourceTree = "<group>"; };
		B7868DAB197EF2B4007C997E /* ViewController.swift */ = {isa = PBXFileReference; lastKnownFileType = sourcecode.swift; path = ViewController.swift; sourceTree = "<group>"; };
		B7868DAE197EF2B4007C997E /* Base */ = {isa = PBXFileReference; lastKnownFileType = file.storyboard; name = Base; path = Base.lproj/Main.storyboard; sourceTree = "<group>"; };
		B7868DB0197EF2B4007C997E /* Images.xcassets */ = {isa = PBXFileReference; lastKnownFileType = folder.assetcatalog; path = Images.xcassets; sourceTree = "<group>"; };
		B7868DB6197EF2B4007C997E /* CardGameTests.xctest */ = {isa = PBXFileReference; explicitFileType = wrapper.cfbundle; includeInIndex = 0; path = CardGameTests.xctest; sourceTree = BUILT_PRODUCTS_DIR; };
		B7868DBB197EF2B4007C997E /* Info.plist */ = {isa = PBXFileReference; lastKnownFileType = text.plist.xml; path = Info.plist; sourceTree = "<group>"; };
		B7868DBC197EF2B4007C997E /* CardGameTests.swift */ = {isa = PBXFileReference; lastKnownFileType = sourcecode.swift; path = CardGameTests.swift; sourceTree = "<group>"; };
/* End PBXFileReference section */

/* Begin PBXFrameworksBuildPhase section */
		B7868DA1197EF2B4007C997E /* Frameworks */ = {
			isa = PBXFrameworksBuildPhase;
			buildActionMask = 2147483647;
			files = (
			);
			runOnlyForDeploymentPostprocessing = 0;
		};
		B7868DB3197EF2B4007C997E /* Frameworks */ = {
			isa = PBXFrameworksBuildPhase;
			buildActionMask = 2147483647;
			files = (
			);
			runOnlyForDeploymentPostprocessing = 0;
		};
/* End PBXFrameworksBuildPhase section */

/* Begin PBXGroup section */
		B7868D9B197EF2B4007C997E = {
			isa = PBXGroup;
			children = (
				B7868DA6197EF2B4007C997E /* CardGame */,
				B7868DB9197EF2B4007C997E /* CardGameTests */,
				B7868DA5197EF2B4007C997E /* Products */,
			);
			sourceTree = "<group>";
		};
		B7868DA5197EF2B4007C997E /* Products */ = {
			isa = PBXGroup;
			children = (
				B7868DA4197EF2B4007C997E /* CardGame.app */,
				B7868DB6197EF2B4007C997E /* CardGameTests.xctest */,
			);
			name = Products;
			sourceTree = "<group>";
		};
		B7868DA6197EF2B4007C997E /* CardGame */ = {
			isa = PBXGroup;
			children = (
				B7868DA9197EF2B4007C997E /* AppDelegate.swift */,
				B7868DAB197EF2B4007C997E /* ViewController.swift */,
				B7868DAD197EF2B4007C997E /* Main.storyboard */,
				B7868DB0197EF2B4007C997E /* Images.xcassets */,
				B7868DA7197EF2B4007C997E /* Supporting Files */,
			);
			path = CardGame;
			sourceTree = "<group>";
		};
		B7868DA7197EF2B4007C997E /* Supporting Files */ = {
			isa = PBXGroup;
			children = (
				B7868DA8197EF2B4007C997E /* Info.plist */,
			);
			name = "Supporting Files";
			sourceTree = "<group>";
		};
		B7868DB9197EF2B4007C997E /* CardGameTests */ = {
			isa = PBXGroup;
			children = (
				B7868DBC197EF2B4007C997E /* CardGameTests.swift */,
				B7868DBA197EF2B4007C997E /* Supporting Files */,
			);
			path = CardGameTests;
			sourceTree = "<group>";
		};
		B7868DBA197EF2B4007C997E /* Supporting Files */ = {
			isa = PBXGroup;
			children = (
				B7868DBB197EF2B4007C997E /* Info.plist */,
			);
			name = "Supporting Files";
			sourceTree = "<group>";
		};
/* End PBXGroup section */

/* Begin PBXNativeTarget section */
		B7868DA3197EF2B4007C997E /* CardGame */ = {
			isa = PBXNativeTarget;
			buildConfigurationList = B7868DC0197EF2B4007C997E /* Build configuration list for PBXNativeTarget "CardGame" */;
			buildPhases = (
				B7868DA0197EF2B4007C997E /* Sources */,
				B7868DA1197EF2B4007C997E /* Frameworks */,
				B7868DA2197EF2B4007C997E /* Resources */,
			);
			buildRules = (
			);
			dependencies = (
			);
			name = CardGame;
			productName = CardGame;
			productReference = B7868DA4197EF2B4007C997E /* CardGame.app */;
			productType = "com.apple.product-type.application";
		};
		B7868DB5197EF2B4007C997E /* CardGameTests */ = {
			isa = PBXNativeTarget;
			buildConfigurationList = B7868DC3197EF2B4007C997E /* Build configuration list for PBXNativeTarget "CardGameTests" */;
			buildPhases = (
				B7868DB2197EF2B4007C997E /* Sources */,
				B7868DB3197EF2B4007C997E /* Frameworks */,
				B7868DB4197EF2B4007C997E /* Resources */,
			);
			buildRules = (
			);
			dependencies = (
				B7868DB8197EF2B4007C997E /* PBXTargetDependency */,
			);
			name = CardGameTests;
			productName = CardGameTests;
			productReference = B7868DB6197EF2B4007C997E /* CardGameTests.xctest */;
			productType = "com.apple.product-type.bundle.unit-test";
		};
/* End PBXNativeTarget section */

/* Begin PBXProject section */
		B7868D9C197EF2B4007C997E /* Project object */ = {
			isa = PBXProject;
			attributes = {
				LastUpgradeCheck = 0600;
				ORGANIZATIONNAME = "Omer Wazir";
				TargetAttributes = {
					B7868DA3197EF2B4007C997E = {
						CreatedOnToolsVersion = 6.0;
					};
					B7868DB5197EF2B4007C997E = {
						CreatedOnToolsVersion = 6.0;
						TestTargetID = B7868DA3197EF2B4007C997E;
					};
				};
			};
			buildConfigurationList = B7868D9F197EF2B4007C997E /* Build configuration list for PBXProject "CardGame" */;
			compatibilityVersion = "Xcode 3.2";
			developmentRegion = English;
			hasScannedForEncodings = 0;
			knownRegions = (
				en,
				Base,
			);
			mainGroup = B7868D9B197EF2B4007C997E;
			productRefGroup = B7868DA5197EF2B4007C997E /* Products */;
			projectDirPath = "";
			projectRoot = "";
			targets = (
				B7868DA3197EF2B4007C997E /* CardGame */,
				B7868DB5197EF2B4007C997E /* CardGameTests */,
			);
		};
/* End PBXProject section */

/* Begin PBXResourcesBuildPhase section */
		B7868DA2197EF2B4007C997E /* Resources */ = {
			isa = PBXResourcesBuildPhase;
			buildActionMask = 2147483647;
			files = (
				B7868DAF197EF2B4007C997E /* Main.storyboard in Resources */,
				B7868DB1197EF2B4007C997E /* Images.xcassets in Resources */,
			);
			runOnlyForDeploymentPostprocessing = 0;
		};
		B7868DB4197EF2B4007C997E /* Resources */ = {
			isa = PBXResourcesBuildPhase;
			buildActionMask = 2147483647;
			files = (
			);
			runOnlyForDeploymentPostprocessing = 0;
		};
/* End PBXResourcesBuildPhase section */

/* Begin PBXSourcesBuildPhase section */
		B7868DA0197EF2B4007C997E /* Sources */ = {
			isa = PBXSourcesBuildPhase;
			buildActionMask = 2147483647;
			files = (
				B7868DAC197EF2B4007C997E /* ViewController.swift in Sources */,
				B7868DAA197EF2B4007C997E /* AppDelegate.swift in Sources */,
			);
			runOnlyForDeploymentPostprocessing = 0;
		};
		B7868DB2197EF2B4007C997E /* Sources */ = {
			isa = PBXSourcesBuildPhase;
			buildActionMask = 2147483647;
			files = (
				B7868DBD197EF2B4007C997E /* CardGameTests.swift in Sources */,
			);
			runOnlyForDeploymentPostprocessing = 0;
		};
/* End PBXSourcesBuildPhase section */

/* Begin PBXTargetDependency section */
		B7868DB8197EF2B4007C997E /* PBXTargetDependency */ = {
			isa = PBXTargetDependency;
			target = B7868DA3197EF2B4007C997E /* CardGame */;
			targetProxy = B7868DB7197EF2B4007C997E /* PBXContainerItemProxy */;
		};
/* End PBXTargetDependency section */

/* Begin PBXVariantGroup section */
		B7868DAD197EF2B4007C997E /* Main.storyboard */ = {
			isa = PBXVariantGroup;
			children = (
				B7868DAE197EF2B4007C997E /* Base */,
			);
			name = Main.storyboard;
			sourceTree = "<group>";
		};
/* End PBXVariantGroup section */

/* Begin XCBuildConfiguration section */
		B7868DBE197EF2B4007C997E /* Debug */ = {
			isa = XCBuildConfiguration;
			buildSettings = {
				ALWAYS_SEARCH_USER_PATHS = NO;
				CLANG_CXX_LANGUAGE_STANDARD = "gnu++0x";
				CLANG_CXX_LIBRARY = "libc++";
				CLANG_ENABLE_MODULES = YES;
				CLANG_ENABLE_OBJC_ARC = YES;
				CLANG_WARN_BOOL_CONVERSION = YES;
				CLANG_WARN_CONSTANT_CONVERSION = YES;
				CLANG_WARN_DIRECT_OBJC_ISA_USAGE = YES_ERROR;
				CLANG_WARN_EMPTY_BODY = YES;
				CLANG_WARN_ENUM_CONVERSION = YES;
				CLANG_WARN_INT_CONVERSION = YES;
				CLANG_WARN_OBJC_ROOT_CLASS = YES_ERROR;
				CLANG_WARN_UNREACHABLE_CODE = YES;
				CLANG_WARN__DUPLICATE_METHOD_MATCH = YES;
				"CODE_SIGN_IDENTITY[sdk=iphoneos*]" = "iPhone Developer";
				COPY_PHASE_STRIP = NO;
				ENABLE_STRICT_OBJC_MSGSEND = YES;
				GCC_C_LANGUAGE_STANDARD = gnu99;
				GCC_DYNAMIC_NO_PIC = NO;
				GCC_OPTIMIZATION_LEVEL = 0;
				GCC_PREPROCESSOR_DEFINITIONS = (
					"DEBUG=1",
					"$(inherited)",
				);
				GCC_SYMBOLS_PRIVATE_EXTERN = NO;
				GCC_WARN_64_TO_32_BIT_CONVERSION = YES;
				GCC_WARN_ABOUT_RETURN_TYPE = YES_ERROR;
				GCC_WARN_UNDECLARED_SELECTOR = YES;
				GCC_WARN_UNINITIALIZED_AUTOS = YES_AGGRESSIVE;
				GCC_WARN_UNUSED_FUNCTION = YES;
				GCC_WARN_UNUSED_VARIABLE = YES;
				IPHONEOS_DEPLOYMENT_TARGET = 8.0;
				MTL_ENABLE_DEBUG_INFO = YES;
				ONLY_ACTIVE_ARCH = YES;
				SDKROOT = iphoneos;
				SWIFT_OPTIMIZATION_LEVEL = "-Onone";
			};
			name = Debug;
		};
		B7868DBF197EF2B4007C997E /* Release */ = {
			isa = XCBuildConfiguration;
			buildSettings = {
				ALWAYS_SEARCH_USER_PATHS = NO;
				CLANG_CXX_LANGUAGE_STANDARD = "gnu++0x";
				CLANG_CXX_LIBRARY = "libc++";
				CLANG_ENABLE_MODULES = YES;
				CLANG_ENABLE_OBJC_ARC = YES;
				CLANG_WARN_BOOL_CONVERSION = YES;
				CLANG_WARN_CONSTANT_CONVERSION = YES;
				CLANG_WARN_DIRECT_OBJC_ISA_USAGE = YES_ERROR;
				CLANG_WARN_EMPTY_BODY = YES;
				CLANG_WARN_ENUM_CONVERSION = YES;
				CLANG_WARN_INT_CONVERSION = YES;
				CLANG_WARN_OBJC_ROOT_CLASS = YES_ERROR;
				CLANG_WARN_UNREACHABLE_CODE = YES;
				CLANG_WARN__DUPLICATE_METHOD_MATCH = YES;
				"CODE_SIGN_IDENTITY[sdk=iphoneos*]" = "iPhone Developer";
				COPY_PHASE_STRIP = YES;
				ENABLE_NS_ASSERTIONS = NO;
				ENABLE_STRICT_OBJC_MSGSEND = YES;
				GCC_C_LANGUAGE_STANDARD = gnu99;
				GCC_WARN_64_TO_32_BIT_CONVERSION = YES;
				GCC_WARN_ABOUT_RETURN_TYPE = YES_ERROR;
				GCC_WARN_UNDECLARED_SELECTOR = YES;
				GCC_WARN_UNINITIALIZED_AUTOS = YES_AGGRESSIVE;
				GCC_WARN_UNUSED_FUNCTION = YES;
				GCC_WARN_UNUSED_VARIABLE = YES;
				IPHONEOS_DEPLOYMENT_TARGET = 8.0;
				MTL_ENABLE_DEBUG_INFO = NO;
				SDKROOT = iphoneos;
				VALIDATE_PRODUCT = YES;
			};
			name = Release;
		};
		B7868DC1197EF2B4007C997E /* Debug */ = {
			isa = XCBuildConfiguration;
			buildSettings = {
				ASSETCATALOG_COMPILER_APPICON_NAME = AppIcon;
				ASSETCATALOG_COMPILER_LAUNCHIMAGE_NAME = LaunchImage;
				INFOPLIST_FILE = CardGame/Info.plist;
				LD_RUNPATH_SEARCH_PATHS = "$(inherited) @executable_path/Frameworks";
				PRODUCT_NAME = "$(TARGET_NAME)";
			};
			name = Debug;
		};
		B7868DC2197EF2B4007C997E /* Release */ = {
			isa = XCBuildConfiguration;
			buildSettings = {
				ASSETCATALOG_COMPILER_APPICON_NAME = AppIcon;
				ASSETCATALOG_COMPILER_LAUNCHIMAGE_NAME = LaunchImage;
				INFOPLIST_FILE = CardGame/Info.plist;
				LD_RUNPATH_SEARCH_PATHS = "$(inherited) @executable_path/Frameworks";
				PRODUCT_NAME = "$(TARGET_NAME)";
			};
			name = Release;
		};
		B7868DC4197EF2B4007C997E /* Debug */ = {
			isa = XCBuildConfiguration;
			buildSettings = {
				BUNDLE_LOADER = "$(BUILT_PRODUCTS_DIR)/CardGame.app/CardGame";
				FRAMEWORK_SEARCH_PATHS = (
					"$(SDKROOT)/Developer/Library/Frameworks",
					"$(inherited)",
				);
				GCC_PREPROCESSOR_DEFINITIONS = (
					"DEBUG=1",
					"$(inherited)",
				);
				INFOPLIST_FILE = CardGameTests/Info.plist;
				LD_RUNPATH_SEARCH_PATHS = "$(inherited) @executable_path/Frameworks @loader_path/Frameworks";
				PRODUCT_NAME = "$(TARGET_NAME)";
				TEST_HOST = "$(BUNDLE_LOADER)";
			};
			name = Debug;
		};
		B7868DC5197EF2B4007C997E /* Release */ = {
			isa = XCBuildConfiguration;
			buildSettings = {
				BUNDLE_LOADER = "$(BUILT_PRODUCTS_DIR)/CardGame.app/CardGame";
				FRAMEWORK_SEARCH_PATHS = (
					"$(SDKROOT)/Developer/Library/Frameworks",
					"$(inherited)",
				);
				INFOPLIST_FILE = CardGameTests/Info.plist;
				LD_RUNPATH_SEARCH_PATHS = "$(inherited) @executable_path/Frameworks @loader_path/Frameworks";
				PRODUCT_NAME = "$(TARGET_NAME)";
				TEST_HOST = "$(BUNDLE_LOADER)";
			};
			name = Release;
		};
/* End XCBuildConfiguration section */

/* Begin XCConfigurationList section */
		B7868D9F197EF2B4007C997E /* Build configuration list for PBXProject "CardGame" */ = {
			isa = XCConfigurationList;
			buildConfigurations = (
				B7868DBE197EF2B4007C997E /* Debug */,
				B7868DBF197EF2B4007C997E /* Release */,
			);
			defaultConfigurationIsVisible = 0;
			defaultConfigurationName = Release;
		};
		B7868DC0197EF2B4007C997E /* Build configuration list for PBXNativeTarget "CardGame" */ = {
			isa = XCConfigurationList;
			buildConfigurations = (
				B7868DC1197EF2B4007C997E /* Debug */,
				B7868DC2197EF2B4007C997E /* Release */,
			);
			defaultConfigurationIsVisible = 0;
		};
		B7868DC3197EF2B4007C997E /* Build configuration list for PBXNativeTarget "CardGameTests" */ = {
			isa = XCConfigurationList;
			buildConfigurations = (
				B7868DC4197EF2B4007C997E /* Debug */,
				B7868DC5197EF2B4007C997E /* Release */,
			);
			defaultConfigurationIsVisible = 0;
		};
/* End XCConfigurationList section */
	};
	rootObject = B7868D9C197EF2B4007C997E /* Project object */;
}
